// !$*UTF8*$!
{
	archiveVersion = 1;
	classes = {
	};
	objectVersion = 48;
	objects = {

/* Begin PBXBuildFile section */
		ABBE6E021FE4EA620025B8B8 /* DeviceInfo.m in Sources */ = {isa = PBXBuildFile; fileRef = ABBE6E011FE4EA620025B8B8 /* DeviceInfo.m */; };
		ABBE6E061FE4F0E70025B8B8 /* NSData+CRC32.m in Sources */ = {isa = PBXBuildFile; fileRef = ABBE6E041FE4F0E70025B8B8 /* NSData+CRC32.m */; };
		ABBE6E0A1FE4F1970025B8B8 /* AppInfo.m in Sources */ = {isa = PBXBuildFile; fileRef = ABBE6E091FE4F1970025B8B8 /* AppInfo.m */; };
		ABBE6E0D1FE515E80025B8B8 /* AppAuthority.m in Sources */ = {isa = PBXBuildFile; fileRef = ABBE6E0C1FE515E80025B8B8 /* AppAuthority.m */; };
		ABBE6E121FE51CF10025B8B8 /* UIView+Expand.m in Sources */ = {isa = PBXBuildFile; fileRef = ABBE6E111FE51CF10025B8B8 /* UIView+Expand.m */; };
		ABBE6E151FE55BE70025B8B8 /* UIView+Toast.m in Sources */ = {isa = PBXBuildFile; fileRef = ABBE6E131FE55BE60025B8B8 /* UIView+Toast.m */; };
		ABBE6E181FE55C8E0025B8B8 /* ValueCheck.m in Sources */ = {isa = PBXBuildFile; fileRef = ABBE6E171FE55C8E0025B8B8 /* ValueCheck.m */; };
		ABBE6E1C1FE55DB10025B8B8 /* FileHandle.m in Sources */ = {isa = PBXBuildFile; fileRef = ABBE6E1B1FE55DB10025B8B8 /* FileHandle.m */; };
		ABBE6E311FE561F80025B8B8 /* LORandomUtil.m in Sources */ = {isa = PBXBuildFile; fileRef = ABBE6E1F1FE561F80025B8B8 /* LORandomUtil.m */; };
		ABBE6E321FE561F80025B8B8 /* AES.m in Sources */ = {isa = PBXBuildFile; fileRef = ABBE6E221FE561F80025B8B8 /* AES.m */; };
		ABBE6E331FE561F80025B8B8 /* RSA.m in Sources */ = {isa = PBXBuildFile; fileRef = ABBE6E241FE561F80025B8B8 /* RSA.m */; };
		ABBE6E341FE561F80025B8B8 /* SHA.m in Sources */ = {isa = PBXBuildFile; fileRef = ABBE6E261FE561F80025B8B8 /* SHA.m */; };
		ABBE6E351FE561F80025B8B8 /* LOJSONKit.m in Sources */ = {isa = PBXBuildFile; fileRef = ABBE6E291FE561F80025B8B8 /* LOJSONKit.m */; };
		ABBE6E361FE561F80025B8B8 /* GTMBase64.m in Sources */ = {isa = PBXBuildFile; fileRef = ABBE6E2C1FE561F80025B8B8 /* GTMBase64.m */; };
		ABBE6E371FE561F80025B8B8 /* LOTimer.m in Sources */ = {isa = PBXBuildFile; fileRef = ABBE6E301FE561F80025B8B8 /* LOTimer.m */; };
		ABC3BB821FDF6E6A00045209 /* AppDelegate.m in Sources */ = {isa = PBXBuildFile; fileRef = ABC3BB811FDF6E6A00045209 /* AppDelegate.m */; };
		ABC3BB851FDF6E6A00045209 /* ViewController.m in Sources */ = {isa = PBXBuildFile; fileRef = ABC3BB841FDF6E6A00045209 /* ViewController.m */; };
		ABC3BB881FDF6E6A00045209 /* Main.storyboard in Resources */ = {isa = PBXBuildFile; fileRef = ABC3BB861FDF6E6A00045209 /* Main.storyboard */; };
		ABC3BB8A1FDF6E6A00045209 /* Assets.xcassets in Resources */ = {isa = PBXBuildFile; fileRef = ABC3BB891FDF6E6A00045209 /* Assets.xcassets */; };
		ABC3BB8D1FDF6E6A00045209 /* LaunchScreen.storyboard in Resources */ = {isa = PBXBuildFile; fileRef = ABC3BB8B1FDF6E6A00045209 /* LaunchScreen.storyboard */; };
		ABC3BB901FDF6E6A00045209 /* main.m in Sources */ = {isa = PBXBuildFile; fileRef = ABC3BB8F1FDF6E6A00045209 /* main.m */; };
		ABC3BB9A1FDF6E6A00045209 /* ZFKitTests.m in Sources */ = {isa = PBXBuildFile; fileRef = ABC3BB991FDF6E6A00045209 /* ZFKitTests.m */; };
		ABC3BBA51FDF6E6A00045209 /* ZFKitUITests.m in Sources */ = {isa = PBXBuildFile; fileRef = ABC3BBA41FDF6E6A00045209 /* ZFKitUITests.m */; };
/* End PBXBuildFile section */

/* Begin PBXContainerItemProxy section */
		ABC3BB961FDF6E6A00045209 /* PBXContainerItemProxy */ = {
			isa = PBXContainerItemProxy;
			containerPortal = ABC3BB751FDF6E6A00045209 /* Project object */;
			proxyType = 1;
			remoteGlobalIDString = ABC3BB7C1FDF6E6A00045209;
			remoteInfo = ZFKit;
		};
		ABC3BBA11FDF6E6A00045209 /* PBXContainerItemProxy */ = {
			isa = PBXContainerItemProxy;
			containerPortal = ABC3BB751FDF6E6A00045209 /* Project object */;
			proxyType = 1;
			remoteGlobalIDString = ABC3BB7C1FDF6E6A00045209;
			remoteInfo = ZFKit;
		};
/* End PBXContainerItemProxy section */

/* Begin PBXFileReference section */
		ABBE6DFF1FE4E83B0025B8B8 /* Podfile */ = {isa = PBXFileReference; lastKnownFileType = text; path = Podfile; sourceTree = "<group>"; };
		ABBE6E001FE4EA620025B8B8 /* DeviceInfo.h */ = {isa = PBXFileReference; lastKnownFileType = sourcecode.c.h; path = DeviceInfo.h; sourceTree = "<group>"; };
		ABBE6E011FE4EA620025B8B8 /* DeviceInfo.m */ = {isa = PBXFileReference; lastKnownFileType = sourcecode.c.objc; path = DeviceInfo.m; sourceTree = "<group>"; };
		ABBE6E041FE4F0E70025B8B8 /* NSData+CRC32.m */ = {isa = PBXFileReference; fileEncoding = 4; lastKnownFileType = sourcecode.c.objc; path = "NSData+CRC32.m"; sourceTree = "<group>"; };
		ABBE6E051FE4F0E70025B8B8 /* NSData+CRC32.h */ = {isa = PBXFileReference; fileEncoding = 4; lastKnownFileType = sourcecode.c.h; path = "NSData+CRC32.h"; sourceTree = "<group>"; };
		ABBE6E081FE4F1970025B8B8 /* AppInfo.h */ = {isa = PBXFileReference; lastKnownFileType = sourcecode.c.h; path = AppInfo.h; sourceTree = "<group>"; };
		ABBE6E091FE4F1970025B8B8 /* AppInfo.m */ = {isa = PBXFileReference; lastKnownFileType = sourcecode.c.objc; path = AppInfo.m; sourceTree = "<group>"; };
		ABBE6E0B1FE515E80025B8B8 /* AppAuthority.h */ = {isa = PBXFileReference; lastKnownFileType = sourcecode.c.h; path = AppAuthority.h; sourceTree = "<group>"; };
		ABBE6E0C1FE515E80025B8B8 /* AppAuthority.m */ = {isa = PBXFileReference; lastKnownFileType = sourcecode.c.objc; path = AppAuthority.m; sourceTree = "<group>"; };
		ABBE6E0F1FE5180C0025B8B8 /* CommonMacro.h */ = {isa = PBXFileReference; lastKnownFileType = sourcecode.c.h; path = CommonMacro.h; sourceTree = "<group>"; };
		ABBE6E101FE51CF10025B8B8 /* UIView+Expand.h */ = {isa = PBXFileReference; lastKnownFileType = sourcecode.c.h; path = "UIView+Expand.h"; sourceTree = "<group>"; };
		ABBE6E111FE51CF10025B8B8 /* UIView+Expand.m */ = {isa = PBXFileReference; lastKnownFileType = sourcecode.c.objc; path = "UIView+Expand.m"; sourceTree = "<group>"; };
		ABBE6E131FE55BE60025B8B8 /* UIView+Toast.m */ = {isa = PBXFileReference; fileEncoding = 4; lastKnownFileType = sourcecode.c.objc; path = "UIView+Toast.m"; sourceTree = "<group>"; };
		ABBE6E141FE55BE70025B8B8 /* UIView+Toast.h */ = {isa = PBXFileReference; fileEncoding = 4; lastKnownFileType = sourcecode.c.h; path = "UIView+Toast.h"; sourceTree = "<group>"; };
		ABBE6E161FE55C8E0025B8B8 /* ValueCheck.h */ = {isa = PBXFileReference; fileEncoding = 4; lastKnownFileType = sourcecode.c.h; path = ValueCheck.h; sourceTree = "<group>"; };
		ABBE6E171FE55C8E0025B8B8 /* ValueCheck.m */ = {isa = PBXFileReference; fileEncoding = 4; lastKnownFileType = sourcecode.c.objc; path = ValueCheck.m; sourceTree = "<group>"; };
		ABBE6E1A1FE55DB10025B8B8 /* FileHandle.h */ = {isa = PBXFileReference; lastKnownFileType = sourcecode.c.h; path = FileHandle.h; sourceTree = "<group>"; };
		ABBE6E1B1FE55DB10025B8B8 /* FileHandle.m */ = {isa = PBXFileReference; lastKnownFileType = sourcecode.c.objc; path = FileHandle.m; sourceTree = "<group>"; };
		ABBE6E1E1FE561F80025B8B8 /* LORandomUtil.h */ = {isa = PBXFileReference; fileEncoding = 4; lastKnownFileType = sourcecode.c.h; path = LORandomUtil.h; sourceTree = "<group>"; };
		ABBE6E1F1FE561F80025B8B8 /* LORandomUtil.m */ = {isa = PBXFileReference; fileEncoding = 4; lastKnownFileType = sourcecode.c.objc; path = LORandomUtil.m; sourceTree = "<group>"; };
		ABBE6E211FE561F80025B8B8 /* AES.h */ = {isa = PBXFileReference; fileEncoding = 4; lastKnownFileType = sourcecode.c.h; path = AES.h; sourceTree = "<group>"; };
		ABBE6E221FE561F80025B8B8 /* AES.m */ = {isa = PBXFileReference; fileEncoding = 4; lastKnownFileType = sourcecode.c.objc; path = AES.m; sourceTree = "<group>"; };
		ABBE6E231FE561F80025B8B8 /* RSA.h */ = {isa = PBXFileReference; fileEncoding = 4; lastKnownFileType = sourcecode.c.h; path = RSA.h; sourceTree = "<group>"; };
		ABBE6E241FE561F80025B8B8 /* RSA.m */ = {isa = PBXFileReference; fileEncoding = 4; lastKnownFileType = sourcecode.c.objc; path = RSA.m; sourceTree = "<group>"; };
		ABBE6E251FE561F80025B8B8 /* SHA.h */ = {isa = PBXFileReference; fileEncoding = 4; lastKnownFileType = sourcecode.c.h; path = SHA.h; sourceTree = "<group>"; };
		ABBE6E261FE561F80025B8B8 /* SHA.m */ = {isa = PBXFileReference; fileEncoding = 4; lastKnownFileType = sourcecode.c.objc; path = SHA.m; sourceTree = "<group>"; };
		ABBE6E281FE561F80025B8B8 /* LOJSONKit.h */ = {isa = PBXFileReference; fileEncoding = 4; lastKnownFileType = sourcecode.c.h; path = LOJSONKit.h; sourceTree = "<group>"; };
		ABBE6E291FE561F80025B8B8 /* LOJSONKit.m */ = {isa = PBXFileReference; fileEncoding = 4; lastKnownFileType = sourcecode.c.objc; path = LOJSONKit.m; sourceTree = "<group>"; };
		ABBE6E2B1FE561F80025B8B8 /* GTMBase64.h */ = {isa = PBXFileReference; fileEncoding = 4; lastKnownFileType = sourcecode.c.h; path = GTMBase64.h; sourceTree = "<group>"; };
		ABBE6E2C1FE561F80025B8B8 /* GTMBase64.m */ = {isa = PBXFileReference; fileEncoding = 4; lastKnownFileType = sourcecode.c.objc; path = GTMBase64.m; sourceTree = "<group>"; };
		ABBE6E2D1FE561F80025B8B8 /* GTMDefines.h */ = {isa = PBXFileReference; fileEncoding = 4; lastKnownFileType = sourcecode.c.h; path = GTMDefines.h; sourceTree = "<group>"; };
		ABBE6E2F1FE561F80025B8B8 /* LOTimer.h */ = {isa = PBXFileReference; fileEncoding = 4; lastKnownFileType = sourcecode.c.h; path = LOTimer.h; sourceTree = "<group>"; };
		ABBE6E301FE561F80025B8B8 /* LOTimer.m */ = {isa = PBXFileReference; fileEncoding = 4; lastKnownFileType = sourcecode.c.objc; path = LOTimer.m; sourceTree = "<group>"; };
		ABC3BB7D1FDF6E6A00045209 /* ZFKit.app */ = {isa = PBXFileReference; explicitFileType = wrapper.application; includeInIndex = 0; path = ZFKit.app; sourceTree = BUILT_PRODUCTS_DIR; };
		ABC3BB801FDF6E6A00045209 /* AppDelegate.h */ = {isa = PBXFileReference; lastKnownFileType = sourcecode.c.h; path = AppDelegate.h; sourceTree = "<group>"; };
		ABC3BB811FDF6E6A00045209 /* AppDelegate.m */ = {isa = PBXFileReference; lastKnownFileType = sourcecode.c.objc; path = AppDelegate.m; sourceTree = "<group>"; };
		ABC3BB831FDF6E6A00045209 /* ViewController.h */ = {isa = PBXFileReference; lastKnownFileType = sourcecode.c.h; path = ViewController.h; sourceTree = "<group>"; };
		ABC3BB841FDF6E6A00045209 /* ViewController.m */ = {isa = PBXFileReference; lastKnownFileType = sourcecode.c.objc; path = ViewController.m; sourceTree = "<group>"; };
		ABC3BB871FDF6E6A00045209 /* Base */ = {isa = PBXFileReference; lastKnownFileType = file.storyboard; name = Base; path = Base.lproj/Main.storyboard; sourceTree = "<group>"; };
		ABC3BB891FDF6E6A00045209 /* Assets.xcassets */ = {isa = PBXFileReference; lastKnownFileType = folder.assetcatalog; path = Assets.xcassets; sourceTree = "<group>"; };
		ABC3BB8C1FDF6E6A00045209 /* Base */ = {isa = PBXFileReference; lastKnownFileType = file.storyboard; name = Base; path = Base.lproj/LaunchScreen.storyboard; sourceTree = "<group>"; };
		ABC3BB8E1FDF6E6A00045209 /* Info.plist */ = {isa = PBXFileReference; lastKnownFileType = text.plist.xml; path = Info.plist; sourceTree = "<group>"; };
		ABC3BB8F1FDF6E6A00045209 /* main.m */ = {isa = PBXFileReference; lastKnownFileType = sourcecode.c.objc; path = main.m; sourceTree = "<group>"; };
		ABC3BB951FDF6E6A00045209 /* ZFKitTests.xctest */ = {isa = PBXFileReference; explicitFileType = wrapper.cfbundle; includeInIndex = 0; path = ZFKitTests.xctest; sourceTree = BUILT_PRODUCTS_DIR; };
		ABC3BB991FDF6E6A00045209 /* ZFKitTests.m */ = {isa = PBXFileReference; lastKnownFileType = sourcecode.c.objc; path = ZFKitTests.m; sourceTree = "<group>"; };
		ABC3BB9B1FDF6E6A00045209 /* Info.plist */ = {isa = PBXFileReference; lastKnownFileType = text.plist.xml; path = Info.plist; sourceTree = "<group>"; };
		ABC3BBA01FDF6E6A00045209 /* ZFKitUITests.xctest */ = {isa = PBXFileReference; explicitFileType = wrapper.cfbundle; includeInIndex = 0; path = ZFKitUITests.xctest; sourceTree = BUILT_PRODUCTS_DIR; };
		ABC3BBA41FDF6E6A00045209 /* ZFKitUITests.m */ = {isa = PBXFileReference; lastKnownFileType = sourcecode.c.objc; path = ZFKitUITests.m; sourceTree = "<group>"; };
		ABC3BBA61FDF6E6A00045209 /* Info.plist */ = {isa = PBXFileReference; lastKnownFileType = text.plist.xml; path = Info.plist; sourceTree = "<group>"; };
/* End PBXFileReference section */

/* Begin PBXFrameworksBuildPhase section */
		ABC3BB7A1FDF6E6A00045209 /* Frameworks */ = {
			isa = PBXFrameworksBuildPhase;
			buildActionMask = 2147483647;
			files = (
			);
			runOnlyForDeploymentPostprocessing = 0;
		};
		ABC3BB921FDF6E6A00045209 /* Frameworks */ = {
			isa = PBXFrameworksBuildPhase;
			buildActionMask = 2147483647;
			files = (
			);
			runOnlyForDeploymentPostprocessing = 0;
		};
		ABC3BB9D1FDF6E6A00045209 /* Frameworks */ = {
			isa = PBXFrameworksBuildPhase;
			buildActionMask = 2147483647;
			files = (
			);
			runOnlyForDeploymentPostprocessing = 0;
		};
/* End PBXFrameworksBuildPhase section */

/* Begin PBXGroup section */
		ABBE6DFA1FE4E3C50025B8B8 /* ZFKitClass */ = {
			isa = PBXGroup;
			children = (
				ABBE6E191FE55D8F0025B8B8 /* Utils */,
				ABBE6E0E1FE517CC0025B8B8 /* Macro */,
				ABBE6DFB1FE4E5F00025B8B8 /* DeviceInfo */,
				ABBE6E071FE4F1880025B8B8 /* AppInfo */,
				ABBE6E031FE4F0BE0025B8B8 /* Category */,
				ABBE6DFF1FE4E83B0025B8B8 /* Podfile */,
			);
			path = ZFKitClass;
			sourceTree = "<group>";
		};
		ABBE6DFB1FE4E5F00025B8B8 /* DeviceInfo */ = {
			isa = PBXGroup;
			children = (
				ABBE6E001FE4EA620025B8B8 /* DeviceInfo.h */,
				ABBE6E011FE4EA620025B8B8 /* DeviceInfo.m */,
			);
			path = DeviceInfo;
			sourceTree = "<group>";
		};
		ABBE6E031FE4F0BE0025B8B8 /* Category */ = {
			isa = PBXGroup;
			children = (
				ABBE6E161FE55C8E0025B8B8 /* ValueCheck.h */,
				ABBE6E171FE55C8E0025B8B8 /* ValueCheck.m */,
				ABBE6E141FE55BE70025B8B8 /* UIView+Toast.h */,
				ABBE6E131FE55BE60025B8B8 /* UIView+Toast.m */,
				ABBE6E051FE4F0E70025B8B8 /* NSData+CRC32.h */,
				ABBE6E041FE4F0E70025B8B8 /* NSData+CRC32.m */,
				ABBE6E101FE51CF10025B8B8 /* UIView+Expand.h */,
				ABBE6E111FE51CF10025B8B8 /* UIView+Expand.m */,
			);
			path = Category;
			sourceTree = "<group>";
		};
		ABBE6E071FE4F1880025B8B8 /* AppInfo */ = {
			isa = PBXGroup;
			children = (
				ABBE6E081FE4F1970025B8B8 /* AppInfo.h */,
				ABBE6E091FE4F1970025B8B8 /* AppInfo.m */,
				ABBE6E0B1FE515E80025B8B8 /* AppAuthority.h */,
				ABBE6E0C1FE515E80025B8B8 /* AppAuthority.m */,
			);
			path = AppInfo;
			sourceTree = "<group>";
		};
		ABBE6E0E1FE517CC0025B8B8 /* Macro */ = {
			isa = PBXGroup;
			children = (
				ABBE6E0F1FE5180C0025B8B8 /* CommonMacro.h */,
			);
			path = Macro;
			sourceTree = "<group>";
		};
		ABBE6E191FE55D8F0025B8B8 /* Utils */ = {
			isa = PBXGroup;
			children = (
				ABBE6E2A1FE561F80025B8B8 /* Base64 */,
				ABBE6E201FE561F80025B8B8 /* Encrypt */,
				ABBE6E271FE561F80025B8B8 /* JsonKit */,
				ABBE6E1D1FE561F80025B8B8 /* Random */,
				ABBE6E2E1FE561F80025B8B8 /* Timer */,
				ABBE6E1A1FE55DB10025B8B8 /* FileHandle.h */,
				ABBE6E1B1FE55DB10025B8B8 /* FileHandle.m */,
			);
			path = Utils;
			sourceTree = "<group>";
		};
		ABBE6E1D1FE561F80025B8B8 /* Random */ = {
			isa = PBXGroup;
			children = (
				ABBE6E1E1FE561F80025B8B8 /* LORandomUtil.h */,
				ABBE6E1F1FE561F80025B8B8 /* LORandomUtil.m */,
			);
			path = Random;
			sourceTree = "<group>";
		};
		ABBE6E201FE561F80025B8B8 /* Encrypt */ = {
			isa = PBXGroup;
			children = (
				ABBE6E211FE561F80025B8B8 /* AES.h */,
				ABBE6E221FE561F80025B8B8 /* AES.m */,
				ABBE6E231FE561F80025B8B8 /* RSA.h */,
				ABBE6E241FE561F80025B8B8 /* RSA.m */,
				ABBE6E251FE561F80025B8B8 /* SHA.h */,
				ABBE6E261FE561F80025B8B8 /* SHA.m */,
			);
			path = Encrypt;
			sourceTree = "<group>";
		};
		ABBE6E271FE561F80025B8B8 /* JsonKit */ = {
			isa = PBXGroup;
			children = (
				ABBE6E281FE561F80025B8B8 /* LOJSONKit.h */,
				ABBE6E291FE561F80025B8B8 /* LOJSONKit.m */,
			);
			path = JsonKit;
			sourceTree = "<group>";
		};
		ABBE6E2A1FE561F80025B8B8 /* Base64 */ = {
			isa = PBXGroup;
			children = (
				ABBE6E2B1FE561F80025B8B8 /* GTMBase64.h */,
				ABBE6E2C1FE561F80025B8B8 /* GTMBase64.m */,
				ABBE6E2D1FE561F80025B8B8 /* GTMDefines.h */,
			);
			path = Base64;
			sourceTree = "<group>";
		};
		ABBE6E2E1FE561F80025B8B8 /* Timer */ = {
			isa = PBXGroup;
			children = (
				ABBE6E2F1FE561F80025B8B8 /* LOTimer.h */,
				ABBE6E301FE561F80025B8B8 /* LOTimer.m */,
			);
			path = Timer;
			sourceTree = "<group>";
		};
		ABC3BB741FDF6E6A00045209 = {
			isa = PBXGroup;
			children = (
				ABC3BB7F1FDF6E6A00045209 /* ZFKit */,
				ABC3BB981FDF6E6A00045209 /* ZFKitTests */,
				ABC3BBA31FDF6E6A00045209 /* ZFKitUITests */,
				ABC3BB7E1FDF6E6A00045209 /* Products */,
			);
			sourceTree = "<group>";
		};
		ABC3BB7E1FDF6E6A00045209 /* Products */ = {
			isa = PBXGroup;
			children = (
				ABC3BB7D1FDF6E6A00045209 /* ZFKit.app */,
				ABC3BB951FDF6E6A00045209 /* ZFKitTests.xctest */,
				ABC3BBA01FDF6E6A00045209 /* ZFKitUITests.xctest */,
			);
			name = Products;
			sourceTree = "<group>";
		};
		ABC3BB7F1FDF6E6A00045209 /* ZFKit */ = {
			isa = PBXGroup;
			children = (
				ABBE6DFA1FE4E3C50025B8B8 /* ZFKitClass */,
				ABC3BB801FDF6E6A00045209 /* AppDelegate.h */,
				ABC3BB811FDF6E6A00045209 /* AppDelegate.m */,
				ABC3BB831FDF6E6A00045209 /* ViewController.h */,
				ABC3BB841FDF6E6A00045209 /* ViewController.m */,
				ABC3BB861FDF6E6A00045209 /* Main.storyboard */,
				ABC3BB891FDF6E6A00045209 /* Assets.xcassets */,
				ABC3BB8B1FDF6E6A00045209 /* LaunchScreen.storyboard */,
				ABC3BB8E1FDF6E6A00045209 /* Info.plist */,
				ABC3BB8F1FDF6E6A00045209 /* main.m */,
			);
			path = ZFKit;
			sourceTree = "<group>";
		};
		ABC3BB981FDF6E6A00045209 /* ZFKitTests */ = {
			isa = PBXGroup;
			children = (
				ABC3BB991FDF6E6A00045209 /* ZFKitTests.m */,
				ABC3BB9B1FDF6E6A00045209 /* Info.plist */,
			);
			path = ZFKitTests;
			sourceTree = "<group>";
		};
		ABC3BBA31FDF6E6A00045209 /* ZFKitUITests */ = {
			isa = PBXGroup;
			children = (
				ABC3BBA41FDF6E6A00045209 /* ZFKitUITests.m */,
				ABC3BBA61FDF6E6A00045209 /* Info.plist */,
			);
			path = ZFKitUITests;
			sourceTree = "<group>";
		};
/* End PBXGroup section */

/* Begin PBXNativeTarget section */
		ABC3BB7C1FDF6E6A00045209 /* ZFKit */ = {
			isa = PBXNativeTarget;
			buildConfigurationList = ABC3BBA91FDF6E6A00045209 /* Build configuration list for PBXNativeTarget "ZFKit" */;
			buildPhases = (
				ABC3BB791FDF6E6A00045209 /* Sources */,
				ABC3BB7A1FDF6E6A00045209 /* Frameworks */,
				ABC3BB7B1FDF6E6A00045209 /* Resources */,
			);
			buildRules = (
			);
			dependencies = (
			);
			name = ZFKit;
			productName = ZFKit;
			productReference = ABC3BB7D1FDF6E6A00045209 /* ZFKit.app */;
			productType = "com.apple.product-type.application";
		};
		ABC3BB941FDF6E6A00045209 /* ZFKitTests */ = {
			isa = PBXNativeTarget;
			buildConfigurationList = ABC3BBAC1FDF6E6A00045209 /* Build configuration list for PBXNativeTarget "ZFKitTests" */;
			buildPhases = (
				ABC3BB911FDF6E6A00045209 /* Sources */,
				ABC3BB921FDF6E6A00045209 /* Frameworks */,
				ABC3BB931FDF6E6A00045209 /* Resources */,
			);
			buildRules = (
			);
			dependencies = (
				ABC3BB971FDF6E6A00045209 /* PBXTargetDependency */,
			);
			name = ZFKitTests;
			productName = ZFKitTests;
			productReference = ABC3BB951FDF6E6A00045209 /* ZFKitTests.xctest */;
			productType = "com.apple.product-type.bundle.unit-test";
		};
		ABC3BB9F1FDF6E6A00045209 /* ZFKitUITests */ = {
			isa = PBXNativeTarget;
			buildConfigurationList = ABC3BBAF1FDF6E6A00045209 /* Build configuration list for PBXNativeTarget "ZFKitUITests" */;
			buildPhases = (
				ABC3BB9C1FDF6E6A00045209 /* Sources */,
				ABC3BB9D1FDF6E6A00045209 /* Frameworks */,
				ABC3BB9E1FDF6E6A00045209 /* Resources */,
			);
			buildRules = (
			);
			dependencies = (
				ABC3BBA21FDF6E6A00045209 /* PBXTargetDependency */,
			);
			name = ZFKitUITests;
			productName = ZFKitUITests;
			productReference = ABC3BBA01FDF6E6A00045209 /* ZFKitUITests.xctest */;
			productType = "com.apple.product-type.bundle.ui-testing";
		};
/* End PBXNativeTarget section */

/* Begin PBXProject section */
		ABC3BB751FDF6E6A00045209 /* Project object */ = {
			isa = PBXProject;
			attributes = {
				LastUpgradeCheck = 0900;
				ORGANIZATIONNAME = zf;
				TargetAttributes = {
					ABC3BB7C1FDF6E6A00045209 = {
						CreatedOnToolsVersion = 9.0.1;
						ProvisioningStyle = Automatic;
					};
					ABC3BB941FDF6E6A00045209 = {
						CreatedOnToolsVersion = 9.0.1;
						ProvisioningStyle = Automatic;
						TestTargetID = ABC3BB7C1FDF6E6A00045209;
					};
					ABC3BB9F1FDF6E6A00045209 = {
						CreatedOnToolsVersion = 9.0.1;
						ProvisioningStyle = Automatic;
						TestTargetID = ABC3BB7C1FDF6E6A00045209;
					};
				};
			};
			buildConfigurationList = ABC3BB781FDF6E6A00045209 /* Build configuration list for PBXProject "ZFKit" */;
			compatibilityVersion = "Xcode 8.0";
			developmentRegion = en;
			hasScannedForEncodings = 0;
			knownRegions = (
				en,
				Base,
			);
			mainGroup = ABC3BB741FDF6E6A00045209;
			productRefGroup = ABC3BB7E1FDF6E6A00045209 /* Products */;
			projectDirPath = "";
			projectRoot = "";
			targets = (
				ABC3BB7C1FDF6E6A00045209 /* ZFKit */,
				ABC3BB941FDF6E6A00045209 /* ZFKitTests */,
				ABC3BB9F1FDF6E6A00045209 /* ZFKitUITests */,
			);
		};
/* End PBXProject section */

/* Begin PBXResourcesBuildPhase section */
		ABC3BB7B1FDF6E6A00045209 /* Resources */ = {
			isa = PBXResourcesBuildPhase;
			buildActionMask = 2147483647;
			files = (
				ABC3BB8D1FDF6E6A00045209 /* LaunchScreen.storyboard in Resources */,
				ABC3BB8A1FDF6E6A00045209 /* Assets.xcassets in Resources */,
				ABC3BB881FDF6E6A00045209 /* Main.storyboard in Resources */,
			);
			runOnlyForDeploymentPostprocessing = 0;
		};
		ABC3BB931FDF6E6A00045209 /* Resources */ = {
			isa = PBXResourcesBuildPhase;
			buildActionMask = 2147483647;
			files = (
			);
			runOnlyForDeploymentPostprocessing = 0;
		};
		ABC3BB9E1FDF6E6A00045209 /* Resources */ = {
			isa = PBXResourcesBuildPhase;
			buildActionMask = 2147483647;
			files = (
			);
			runOnlyForDeploymentPostprocessing = 0;
		};
/* End PBXResourcesBuildPhase section */

/* Begin PBXSourcesBuildPhase section */
		ABC3BB791FDF6E6A00045209 /* Sources */ = {
			isa = PBXSourcesBuildPhase;
			buildActionMask = 2147483647;
			files = (
				ABBE6E371FE561F80025B8B8 /* LOTimer.m in Sources */,
				ABBE6E341FE561F80025B8B8 /* SHA.m in Sources */,
				ABBE6E331FE561F80025B8B8 /* RSA.m in Sources */,
				ABBE6E181FE55C8E0025B8B8 /* ValueCheck.m in Sources */,
				ABBE6E351FE561F80025B8B8 /* LOJSONKit.m in Sources */,
				ABBE6E151FE55BE70025B8B8 /* UIView+Toast.m in Sources */,
				ABBE6E0D1FE515E80025B8B8 /* AppAuthority.m in Sources */,
				ABBE6E311FE561F80025B8B8 /* LORandomUtil.m in Sources */,
				ABBE6E061FE4F0E70025B8B8 /* NSData+CRC32.m in Sources */,
				ABC3BB851FDF6E6A00045209 /* ViewController.m in Sources */,
				ABBE6E1C1FE55DB10025B8B8 /* FileHandle.m in Sources */,
				ABC3BB901FDF6E6A00045209 /* main.m in Sources */,
				ABBE6E0A1FE4F1970025B8B8 /* AppInfo.m in Sources */,
				ABC3BB821FDF6E6A00045209 /* AppDelegate.m in Sources */,
				ABBE6E121FE51CF10025B8B8 /* UIView+Expand.m in Sources */,
				ABBE6E361FE561F80025B8B8 /* GTMBase64.m in Sources */,
				ABBE6E021FE4EA620025B8B8 /* DeviceInfo.m in Sources */,
				ABBE6E321FE561F80025B8B8 /* AES.m in Sources */,
			);
			runOnlyForDeploymentPostprocessing = 0;
		};
		ABC3BB911FDF6E6A00045209 /* Sources */ = {
			isa = PBXSourcesBuildPhase;
			buildActionMask = 2147483647;
			files = (
				ABC3BB9A1FDF6E6A00045209 /* ZFKitTests.m in Sources */,
			);
			runOnlyForDeploymentPostprocessing = 0;
		};
		ABC3BB9C1FDF6E6A00045209 /* Sources */ = {
			isa = PBXSourcesBuildPhase;
			buildActionMask = 2147483647;
			files = (
				ABC3BBA51FDF6E6A00045209 /* ZFKitUITests.m in Sources */,
			);
			runOnlyForDeploymentPostprocessing = 0;
		};
/* End PBXSourcesBuildPhase section */

/* Begin PBXTargetDependency section */
		ABC3BB971FDF6E6A00045209 /* PBXTargetDependency */ = {
			isa = PBXTargetDependency;
			target = ABC3BB7C1FDF6E6A00045209 /* ZFKit */;
			targetProxy = ABC3BB961FDF6E6A00045209 /* PBXContainerItemProxy */;
		};
		ABC3BBA21FDF6E6A00045209 /* PBXTargetDependency */ = {
			isa = PBXTargetDependency;
			target = ABC3BB7C1FDF6E6A00045209 /* ZFKit */;
			targetProxy = ABC3BBA11FDF6E6A00045209 /* PBXContainerItemProxy */;
		};
/* End PBXTargetDependency section */

/* Begin PBXVariantGroup section */
		ABC3BB861FDF6E6A00045209 /* Main.storyboard */ = {
			isa = PBXVariantGroup;
			children = (
				ABC3BB871FDF6E6A00045209 /* Base */,
			);
			name = Main.storyboard;
			sourceTree = "<group>";
		};
		ABC3BB8B1FDF6E6A00045209 /* LaunchScreen.storyboard */ = {
			isa = PBXVariantGroup;
			children = (
				ABC3BB8C1FDF6E6A00045209 /* Base */,
			);
			name = LaunchScreen.storyboard;
			sourceTree = "<group>";
		};
/* End PBXVariantGroup section */

/* Begin XCBuildConfiguration section */
		ABC3BBA71FDF6E6A00045209 /* Debug */ = {
			isa = XCBuildConfiguration;
			buildSettings = {
				ALWAYS_SEARCH_USER_PATHS = NO;
				CLANG_ANALYZER_NONNULL = YES;
				CLANG_ANALYZER_NUMBER_OBJECT_CONVERSION = YES_AGGRESSIVE;
				CLANG_CXX_LANGUAGE_STANDARD = "gnu++14";
				CLANG_CXX_LIBRARY = "libc++";
				CLANG_ENABLE_MODULES = YES;
				CLANG_ENABLE_OBJC_ARC = YES;
				CLANG_WARN_BLOCK_CAPTURE_AUTORELEASING = YES;
				CLANG_WARN_BOOL_CONVERSION = YES;
				CLANG_WARN_COMMA = YES;
				CLANG_WARN_CONSTANT_CONVERSION = YES;
				CLANG_WARN_DIRECT_OBJC_ISA_USAGE = YES_ERROR;
				CLANG_WARN_DOCUMENTATION_COMMENTS = YES;
				CLANG_WARN_EMPTY_BODY = YES;
				CLANG_WARN_ENUM_CONVERSION = YES;
				CLANG_WARN_INFINITE_RECURSION = YES;
				CLANG_WARN_INT_CONVERSION = YES;
				CLANG_WARN_NON_LITERAL_NULL_CONVERSION = YES;
				CLANG_WARN_OBJC_LITERAL_CONVERSION = YES;
				CLANG_WARN_OBJC_ROOT_CLASS = YES_ERROR;
				CLANG_WARN_RANGE_LOOP_ANALYSIS = YES;
				CLANG_WARN_STRICT_PROTOTYPES = YES;
				CLANG_WARN_SUSPICIOUS_MOVE = YES;
				CLANG_WARN_UNGUARDED_AVAILABILITY = YES_AGGRESSIVE;
				CLANG_WARN_UNREACHABLE_CODE = YES;
				CLANG_WARN__DUPLICATE_METHOD_MATCH = YES;
				CODE_SIGN_IDENTITY = "iPhone Developer";
				COPY_PHASE_STRIP = NO;
				DEBUG_INFORMATION_FORMAT = dwarf;
				ENABLE_STRICT_OBJC_MSGSEND = YES;
				ENABLE_TESTABILITY = YES;
				GCC_C_LANGUAGE_STANDARD = gnu11;
				GCC_DYNAMIC_NO_PIC = NO;
				GCC_NO_COMMON_BLOCKS = YES;
				GCC_OPTIMIZATION_LEVEL = 0;
				GCC_PREPROCESSOR_DEFINITIONS = (
					"DEBUG=1",
					"$(inherited)",
				);
				GCC_WARN_64_TO_32_BIT_CONVERSION = YES;
				GCC_WARN_ABOUT_RETURN_TYPE = YES_ERROR;
				GCC_WARN_UNDECLARED_SELECTOR = YES;
				GCC_WARN_UNINITIALIZED_AUTOS = YES_AGGRESSIVE;
				GCC_WARN_UNUSED_FUNCTION = YES;
				GCC_WARN_UNUSED_VARIABLE = YES;
				IPHONEOS_DEPLOYMENT_TARGET = 11.0;
				MTL_ENABLE_DEBUG_INFO = YES;
				ONLY_ACTIVE_ARCH = YES;
				SDKROOT = iphoneos;
			};
			name = Debug;
		};
		ABC3BBA81FDF6E6A00045209 /* Release */ = {
			isa = XCBuildConfiguration;
			buildSettings = {
				ALWAYS_SEARCH_USER_PATHS = NO;
				CLANG_ANALYZER_NONNULL = YES;
				CLANG_ANALYZER_NUMBER_OBJECT_CONVERSION = YES_AGGRESSIVE;
				CLANG_CXX_LANGUAGE_STANDARD = "gnu++14";
				CLANG_CXX_LIBRARY = "libc++";
				CLANG_ENABLE_MODULES = YES;
				CLANG_ENABLE_OBJC_ARC = YES;
				CLANG_WARN_BLOCK_CAPTURE_AUTORELEASING = YES;
				CLANG_WARN_BOOL_CONVERSION = YES;
				CLANG_WARN_COMMA = YES;
				CLANG_WARN_CONSTANT_CONVERSION = YES;
				CLANG_WARN_DIRECT_OBJC_ISA_USAGE = YES_ERROR;
				CLANG_WARN_DOCUMENTATION_COMMENTS = YES;
				CLANG_WARN_EMPTY_BODY = YES;
				CLANG_WARN_ENUM_CONVERSION = YES;
				CLANG_WARN_INFINITE_RECURSION = YES;
				CLANG_WARN_INT_CONVERSION = YES;
				CLANG_WARN_NON_LITERAL_NULL_CONVERSION = YES;
				CLANG_WARN_OBJC_LITERAL_CONVERSION = YES;
				CLANG_WARN_OBJC_ROOT_CLASS = YES_ERROR;
				CLANG_WARN_RANGE_LOOP_ANALYSIS = YES;
				CLANG_WARN_STRICT_PROTOTYPES = YES;
				CLANG_WARN_SUSPICIOUS_MOVE = YES;
				CLANG_WARN_UNGUARDED_AVAILABILITY = YES_AGGRESSIVE;
				CLANG_WARN_UNREACHABLE_CODE = YES;
				CLANG_WARN__DUPLICATE_METHOD_MATCH = YES;
				CODE_SIGN_IDENTITY = "iPhone Developer";
				COPY_PHASE_STRIP = NO;
				DEBUG_INFORMATION_FORMAT = "dwarf-with-dsym";
				ENABLE_NS_ASSERTIONS = NO;
				ENABLE_STRICT_OBJC_MSGSEND = YES;
				GCC_C_LANGUAGE_STANDARD = gnu11;
				GCC_NO_COMMON_BLOCKS = YES;
				GCC_WARN_64_TO_32_BIT_CONVERSION = YES;
				GCC_WARN_ABOUT_RETURN_TYPE = YES_ERROR;
				GCC_WARN_UNDECLARED_SELECTOR = YES;
				GCC_WARN_UNINITIALIZED_AUTOS = YES_AGGRESSIVE;
				GCC_WARN_UNUSED_FUNCTION = YES;
				GCC_WARN_UNUSED_VARIABLE = YES;
				IPHONEOS_DEPLOYMENT_TARGET = 11.0;
				MTL_ENABLE_DEBUG_INFO = NO;
				SDKROOT = iphoneos;
				VALIDATE_PRODUCT = YES;
			};
			name = Release;
		};
		ABC3BBAA1FDF6E6A00045209 /* Debug */ = {
			isa = XCBuildConfiguration;
			buildSettings = {
				ASSETCATALOG_COMPILER_APPICON_NAME = AppIcon;
				CODE_SIGN_STYLE = Automatic;
				INFOPLIST_FILE = ZFKit/Info.plist;
				LD_RUNPATH_SEARCH_PATHS = "$(inherited) @executable_path/Frameworks";
				PRODUCT_BUNDLE_IDENTIFIER = com.zf.ZFKit;
				PRODUCT_NAME = "$(TARGET_NAME)";
				TARGETED_DEVICE_FAMILY = "1,2";
			};
			name = Debug;
		};
		ABC3BBAB1FDF6E6A00045209 /* Release */ = {
			isa = XCBuildConfiguration;
			buildSettings = {
				ASSETCATALOG_COMPILER_APPICON_NAME = AppIcon;
				CODE_SIGN_STYLE = Automatic;
				INFOPLIST_FILE = ZFKit/Info.plist;
				LD_RUNPATH_SEARCH_PATHS = "$(inherited) @executable_path/Frameworks";
				PRODUCT_BUNDLE_IDENTIFIER = com.zf.ZFKit;
				PRODUCT_NAME = "$(TARGET_NAME)";
				TARGETED_DEVICE_FAMILY = "1,2";
			};
			name = Release;
		};
		ABC3BBAD1FDF6E6A00045209 /* Debug */ = {
			isa = XCBuildConfiguration;
			buildSettings = {
				BUNDLE_LOADER = "$(TEST_HOST)";
				CODE_SIGN_STYLE = Automatic;
				INFOPLIST_FILE = ZFKitTests/Info.plist;
				LD_RUNPATH_SEARCH_PATHS = "$(inherited) @executable_path/Frameworks @loader_path/Frameworks";
				PRODUCT_BUNDLE_IDENTIFIER = com.zf.ZFKitTests;
				PRODUCT_NAME = "$(TARGET_NAME)";
				TARGETED_DEVICE_FAMILY = "1,2";
				TEST_HOST = "$(BUILT_PRODUCTS_DIR)/ZFKit.app/ZFKit";
			};
			name = Debug;
		};
		ABC3BBAE1FDF6E6A00045209 /* Release */ = {
			isa = XCBuildConfiguration;
			buildSettings = {
				BUNDLE_LOADER = "$(TEST_HOST)";
				CODE_SIGN_STYLE = Automatic;
				INFOPLIST_FILE = ZFKitTests/Info.plist;
				LD_RUNPATH_SEARCH_PATHS = "$(inherited) @executable_path/Frameworks @loader_path/Frameworks";
				PRODUCT_BUNDLE_IDENTIFIER = com.zf.ZFKitTests;
				PRODUCT_NAME = "$(TARGET_NAME)";
				TARGETED_DEVICE_FAMILY = "1,2";
				TEST_HOST = "$(BUILT_PRODUCTS_DIR)/ZFKit.app/ZFKit";
			};
			name = Release;
		};
		ABC3BBB01FDF6E6A00045209 /* Debug */ = {
			isa = XCBuildConfiguration;
			buildSettings = {
				CODE_SIGN_STYLE = Automatic;
				INFOPLIST_FILE = ZFKitUITests/Info.plist;
				LD_RUNPATH_SEARCH_PATHS = "$(inherited) @executable_path/Frameworks @loader_path/Frameworks";
				PRODUCT_BUNDLE_IDENTIFIER = com.zf.ZFKitUITests;
				PRODUCT_NAME = "$(TARGET_NAME)";
				TARGETED_DEVICE_FAMILY = "1,2";
				TEST_TARGET_NAME = ZFKit;
			};
			name = Debug;
		};
		ABC3BBB11FDF6E6A00045209 /* Release */ = {
			isa = XCBuildConfiguration;
			buildSettings = {
				CODE_SIGN_STYLE = Automatic;
				INFOPLIST_FILE = ZFKitUITests/Info.plist;
				LD_RUNPATH_SEARCH_PATHS = "$(inherited) @executable_path/Frameworks @loader_path/Frameworks";
				PRODUCT_BUNDLE_IDENTIFIER = com.zf.ZFKitUITests;
				PRODUCT_NAME = "$(TARGET_NAME)";
				TARGETED_DEVICE_FAMILY = "1,2";
				TEST_TARGET_NAME = ZFKit;
			};
			name = Release;
		};
/* End XCBuildConfiguration section */

/* Begin XCConfigurationList section */
		ABC3BB781FDF6E6A00045209 /* Build configuration list for PBXProject "ZFKit" */ = {
			isa = XCConfigurationList;
			buildConfigurations = (
				ABC3BBA71FDF6E6A00045209 /* Debug */,
				ABC3BBA81FDF6E6A00045209 /* Release */,
			);
			defaultConfigurationIsVisible = 0;
			defaultConfigurationName = Release;
		};
		ABC3BBA91FDF6E6A00045209 /* Build configuration list for PBXNativeTarget "ZFKit" */ = {
			isa = XCConfigurationList;
			buildConfigurations = (
				ABC3BBAA1FDF6E6A00045209 /* Debug */,
				ABC3BBAB1FDF6E6A00045209 /* Release */,
			);
			defaultConfigurationIsVisible = 0;
			defaultConfigurationName = Release;
		};
		ABC3BBAC1FDF6E6A00045209 /* Build configuration list for PBXNativeTarget "ZFKitTests" */ = {
			isa = XCConfigurationList;
			buildConfigurations = (
				ABC3BBAD1FDF6E6A00045209 /* Debug */,
				ABC3BBAE1FDF6E6A00045209 /* Release */,
			);
			defaultConfigurationIsVisible = 0;
			defaultConfigurationName = Release;
		};
		ABC3BBAF1FDF6E6A00045209 /* Build configuration list for PBXNativeTarget "ZFKitUITests" */ = {
			isa = XCConfigurationList;
			buildConfigurations = (
				ABC3BBB01FDF6E6A00045209 /* Debug */,
				ABC3BBB11FDF6E6A00045209 /* Release */,
			);
			defaultConfigurationIsVisible = 0;
			defaultConfigurationName = Release;
		};
/* End XCConfigurationList section */
	};
	rootObject = ABC3BB751FDF6E6A00045209 /* Project object */;
}
